
Microsoft Visual Studio Solution File, Format Version 12.00
# Visual Studio Version 17
VisualStudioVersion = 17.2.32526.322
MinimumVisualStudioVersion = 10.0.40219.1
Project("{9A19103F-16F7-4668-BE54-9A1E7A4F7556}") = "StudentsWebApi", "StudentsWebApi\StudentsWebApi.csproj", "{1C3CE6EB-A564-40D6-999E-C142CCF85090}"
EndProject
Project("{2150E333-8FDC-42A3-9474-1A3956D46DE8}") = "Core", "Core", "{1283E1C1-CDF8-4737-9B0E-DFE6B7E86E70}"
EndProject
Project("{2150E333-8FDC-42A3-9474-1A3956D46DE8}") = "Infrastructure", "Infrastructure", "{83F84F6A-0C34-47C3-944E-0FECDDB1A072}"
EndProject
Project("{FAE04EC0-301F-11D3-BF4B-00C04F79EFBC}") = "StudentsWebApi.Infrastructure", "StudentsWebApi.Infrastructure\StudentsWebApi.Infrastructure.csproj", "{AFAB4CAD-68CD-4919-93BE-F937EEA3555B}"
EndProject
Project("{2150E333-8FDC-42A3-9474-1A3956D46DE8}") = "Domain", "Domain", "{61DA17BF-56C7-4E4C-A277-21FBA7DCFD79}"
EndProject
Project("{FAE04EC0-301F-11D3-BF4B-00C04F79EFBC}") = "StudentsWebApi.Domain", "StudentsWebApiDomain\StudentsWebApi.Domain.csproj", "{8ACC88DC-8818-4881-80B4-A5D5DBE8BC2E}"
EndProject
Global
	GlobalSection(SolutionConfigurationPlatforms) = preSolution
		Debug|Any CPU = Debug|Any CPU
		Release|Any CPU = Release|Any CPU
	EndGlobalSection
	GlobalSection(ProjectConfigurationPlatforms) = postSolution
		{1C3CE6EB-A564-40D6-999E-C142CCF85090}.Debug|Any CPU.ActiveCfg = Debug|Any CPU
		{1C3CE6EB-A564-40D6-999E-C142CCF85090}.Debug|Any CPU.Build.0 = Debug|Any CPU
		{1C3CE6EB-A564-40D6-999E-C142CCF85090}.Release|Any CPU.ActiveCfg = Release|Any CPU
		{1C3CE6EB-A564-40D6-999E-C142CCF85090}.Release|Any CPU.Build.0 = Release|Any CPU
		{AFAB4CAD-68CD-4919-93BE-F937EEA3555B}.Debug|Any CPU.ActiveCfg = Debug|Any CPU
		{AFAB4CAD-68CD-4919-93BE-F937EEA3555B}.Debug|Any CPU.Build.0 = Debug|Any CPU
		{AFAB4CAD-68CD-4919-93BE-F937EEA3555B}.Release|Any CPU.ActiveCfg = Release|Any CPU
		{AFAB4CAD-68CD-4919-93BE-F937EEA3555B}.Release|Any CPU.Build.0 = Release|Any CPU
		{8ACC88DC-8818-4881-80B4-A5D5DBE8BC2E}.Debug|Any CPU.ActiveCfg = Debug|Any CPU
		{8ACC88DC-8818-4881-80B4-A5D5DBE8BC2E}.Debug|Any CPU.Build.0 = Debug|Any CPU
		{8ACC88DC-8818-4881-80B4-A5D5DBE8BC2E}.Release|Any CPU.ActiveCfg = Release|Any CPU
		{8ACC88DC-8818-4881-80B4-A5D5DBE8BC2E}.Release|Any CPU.Build.0 = Release|Any CPU
	EndGlobalSection
	GlobalSection(SolutionProperties) = preSolution
		HideSolutionNode = FALSE
	EndGlobalSection
	GlobalSection(NestedProjects) = preSolution
		{AFAB4CAD-68CD-4919-93BE-F937EEA3555B} = {83F84F6A-0C34-47C3-944E-0FECDDB1A072}
		{8ACC88DC-8818-4881-80B4-A5D5DBE8BC2E} = {61DA17BF-56C7-4E4C-A277-21FBA7DCFD79}
	EndGlobalSection
	GlobalSection(ExtensibilityGlobals) = postSolution
		SolutionGuid = {5A8B4638-3B01-43AB-95F6-66AEB5D07091}
	EndGlobalSection
EndGlobal
